
Microsoft Visual Studio Solution File, Format Version 12.00
Project("{FAE04EC0-301F-11D3-BF4B-00C04F79EFBC}") = "RecipesAPI.Web", "RecipesAPI.Web\RecipesAPI.Web.csproj", "{EB0E168D-3D3B-426B-8A08-C02A6730AE20}"
EndProject
Project("{FAE04EC0-301F-11D3-BF4B-00C04F79EFBC}") = "RecipesAPI.Data", "RecipesAPI.Data\RecipesAPI.Data.csproj", "{593171FC-9FBB-4A3F-9C21-16E14A4D9353}"
EndProject
Project("{FAE04EC0-301F-11D3-BF4B-00C04F79EFBC}") = "RecipesAPI.Services", "RecipesAPI.Services\RecipesAPI.Services.csproj", "{2F6A51CA-C0C6-41FB-A147-D89F6587B304}"
EndProject
Project("{FAE04EC0-301F-11D3-BF4B-00C04F79EFBC}") = "RecipesAPI.Repositories", "RecipesAPI.Repositories\RecipesAPI.Repositories.csproj", "{9162A65C-70C6-4E31-8B96-CAAA6D752459}"
EndProject
Global
	GlobalSection(SolutionConfigurationPlatforms) = preSolution
		Debug|Any CPU = Debug|Any CPU
		Release|Any CPU = Release|Any CPU
	EndGlobalSection
	GlobalSection(ProjectConfigurationPlatforms) = postSolution
		{EB0E168D-3D3B-426B-8A08-C02A6730AE20}.Debug|Any CPU.ActiveCfg = Debug|Any CPU
		{EB0E168D-3D3B-426B-8A08-C02A6730AE20}.Debug|Any CPU.Build.0 = Debug|Any CPU
		{EB0E168D-3D3B-426B-8A08-C02A6730AE20}.Release|Any CPU.ActiveCfg = Release|Any CPU
		{EB0E168D-3D3B-426B-8A08-C02A6730AE20}.Release|Any CPU.Build.0 = Release|Any CPU
		{593171FC-9FBB-4A3F-9C21-16E14A4D9353}.Debug|Any CPU.ActiveCfg = Debug|Any CPU
		{593171FC-9FBB-4A3F-9C21-16E14A4D9353}.Debug|Any CPU.Build.0 = Debug|Any CPU
		{593171FC-9FBB-4A3F-9C21-16E14A4D9353}.Release|Any CPU.ActiveCfg = Release|Any CPU
		{593171FC-9FBB-4A3F-9C21-16E14A4D9353}.Release|Any CPU.Build.0 = Release|Any CPU
		{2F6A51CA-C0C6-41FB-A147-D89F6587B304}.Debug|Any CPU.ActiveCfg = Debug|Any CPU
		{2F6A51CA-C0C6-41FB-A147-D89F6587B304}.Debug|Any CPU.Build.0 = Debug|Any CPU
		{2F6A51CA-C0C6-41FB-A147-D89F6587B304}.Release|Any CPU.ActiveCfg = Release|Any CPU
		{2F6A51CA-C0C6-41FB-A147-D89F6587B304}.Release|Any CPU.Build.0 = Release|Any CPU
		{9162A65C-70C6-4E31-8B96-CAAA6D752459}.Debug|Any CPU.ActiveCfg = Debug|Any CPU
		{9162A65C-70C6-4E31-8B96-CAAA6D752459}.Debug|Any CPU.Build.0 = Debug|Any CPU
		{9162A65C-70C6-4E31-8B96-CAAA6D752459}.Release|Any CPU.ActiveCfg = Release|Any CPU
		{9162A65C-70C6-4E31-8B96-CAAA6D752459}.Release|Any CPU.Build.0 = Release|Any CPU
	EndGlobalSection
EndGlobal
